// !$*UTF8*$!
{
	archiveVersion = 1;
	classes = {
	};
	objectVersion = 48;
	objects = {

/* Begin PBXBuildFile section */
		7758DA561F8D087600EC6480 /* AppDelegate.swift in Sources */ = {isa = PBXBuildFile; fileRef = 7758DA551F8D087600EC6480 /* AppDelegate.swift */; };
		7758DA581F8D087600EC6480 /* ViewController.swift in Sources */ = {isa = PBXBuildFile; fileRef = 7758DA571F8D087600EC6480 /* ViewController.swift */; };
		7758DA5B1F8D087600EC6480 /* Main.storyboard in Resources */ = {isa = PBXBuildFile; fileRef = 7758DA591F8D087600EC6480 /* Main.storyboard */; };
		7758DA5D1F8D087600EC6480 /* Assets.xcassets in Resources */ = {isa = PBXBuildFile; fileRef = 7758DA5C1F8D087600EC6480 /* Assets.xcassets */; };
		7758DA601F8D087600EC6480 /* LaunchScreen.storyboard in Resources */ = {isa = PBXBuildFile; fileRef = 7758DA5E1F8D087600EC6480 /* LaunchScreen.storyboard */; };
		777B02481F8FB9EB00D4F2CA /* SecondScreenController.swift in Sources */ = {isa = PBXBuildFile; fileRef = 777B02471F8FB9EB00D4F2CA /* SecondScreenController.swift */; };
		777B024B1F8FBEE300D4F2CA /* ColorTools.swift in Sources */ = {isa = PBXBuildFile; fileRef = 777B024A1F8FBEE300D4F2CA /* ColorTools.swift */; };
/* End PBXBuildFile section */

/* Begin PBXFileReference section */
		7758DA521F8D087600EC6480 /* ColorChangeRemake.app */ = {isa = PBXFileReference; explicitFileType = wrapper.application; includeInIndex = 0; path = ColorChangeRemake.app; sourceTree = BUILT_PRODUCTS_DIR; };
		7758DA551F8D087600EC6480 /* AppDelegate.swift */ = {isa = PBXFileReference; lastKnownFileType = sourcecode.swift; path = AppDelegate.swift; sourceTree = "<group>"; };
		7758DA571F8D087600EC6480 /* ViewController.swift */ = {isa = PBXFileReference; lastKnownFileType = sourcecode.swift; path = ViewController.swift; sourceTree = "<group>"; };
		7758DA5A1F8D087600EC6480 /* Base */ = {isa = PBXFileReference; lastKnownFileType = file.storyboard; name = Base; path = Base.lproj/Main.storyboard; sourceTree = "<group>"; };
		7758DA5C1F8D087600EC6480 /* Assets.xcassets */ = {isa = PBXFileReference; lastKnownFileType = folder.assetcatalog; path = Assets.xcassets; sourceTree = "<group>"; };
		7758DA5F1F8D087600EC6480 /* Base */ = {isa = PBXFileReference; lastKnownFileType = file.storyboard; name = Base; path = Base.lproj/LaunchScreen.storyboard; sourceTree = "<group>"; };
		7758DA611F8D087600EC6480 /* Info.plist */ = {isa = PBXFileReference; lastKnownFileType = text.plist.xml; path = Info.plist; sourceTree = "<group>"; };
		777B02471F8FB9EB00D4F2CA /* SecondScreenController.swift */ = {isa = PBXFileReference; lastKnownFileType = sourcecode.swift; path = SecondScreenController.swift; sourceTree = "<group>"; };
		777B024A1F8FBEE300D4F2CA /* ColorTools.swift */ = {isa = PBXFileReference; lastKnownFileType = sourcecode.swift; path = ColorTools.swift; sourceTree = "<group>"; };
/* End PBXFileReference section */

/* Begin PBXFrameworksBuildPhase section */
		7758DA4F1F8D087600EC6480 /* Frameworks */ = {
			isa = PBXFrameworksBuildPhase;
			buildActionMask = 2147483647;
			files = (
			);
			runOnlyForDeploymentPostprocessing = 0;
		};
/* End PBXFrameworksBuildPhase section */

/* Begin PBXGroup section */
		7758DA491F8D087500EC6480 = {
			isa = PBXGroup;
			children = (
				7758DA541F8D087600EC6480 /* ColorChangeRemake */,
				7758DA531F8D087600EC6480 /* Products */,
			);
			sourceTree = "<group>";
		};
		7758DA531F8D087600EC6480 /* Products */ = {
			isa = PBXGroup;
			children = (
				7758DA521F8D087600EC6480 /* ColorChangeRemake.app */,
			);
			name = Products;
			sourceTree = "<group>";
		};
		7758DA541F8D087600EC6480 /* ColorChangeRemake */ = {
			isa = PBXGroup;
			children = (
				777B02491F8FBEA400D4F2CA /* Model */,
				7758DA671F8D189300EC6480 /* Controller */,
				7758DA681F8D18AC00EC6480 /* View */,
				7758DA691F8D18CA00EC6480 /* Resources */,
			);
			path = ColorChangeRemake;
			sourceTree = "<group>";
		};
		7758DA671F8D189300EC6480 /* Controller */ = {
			isa = PBXGroup;
			children = (
				7758DA551F8D087600EC6480 /* AppDelegate.swift */,
				7758DA571F8D087600EC6480 /* ViewController.swift */,
				777B02471F8FB9EB00D4F2CA /* SecondScreenController.swift */,
			);
			path = Controller;
			sourceTree = "<group>";
		};
		7758DA681F8D18AC00EC6480 /* View */ = {
			isa = PBXGroup;
			children = (
				7758DA591F8D087600EC6480 /* Main.storyboard */,
				7758DA5E1F8D087600EC6480 /* LaunchScreen.storyboard */,
			);
			path = View;
			sourceTree = "<group>";
		};
		7758DA691F8D18CA00EC6480 /* Resources */ = {
			isa = PBXGroup;
			children = (
				7758DA5C1F8D087600EC6480 /* Assets.xcassets */,
				7758DA611F8D087600EC6480 /* Info.plist */,
			);
			path = Resources;
			sourceTree = "<group>";
		};
		777B02491F8FBEA400D4F2CA /* Model */ = {
			isa = PBXGroup;
			children = (
				777B024A1F8FBEE300D4F2CA /* ColorTools.swift */,
			);
			path = Model;
			sourceTree = "<group>";
		};
/* End PBXGroup section */

/* Begin PBXNativeTarget section */
		7758DA511F8D087600EC6480 /* ColorChangeRemake */ = {
			isa = PBXNativeTarget;
			buildConfigurationList = 7758DA641F8D087600EC6480 /* Build configuration list for PBXNativeTarget "ColorChangeRemake" */;
			buildPhases = (
				7758DA4E1F8D087600EC6480 /* Sources */,
				7758DA4F1F8D087600EC6480 /* Frameworks */,
				7758DA501F8D087600EC6480 /* Resources */,
			);
			buildRules = (
			);
			dependencies = (
			);
			name = ColorChangeRemake;
			productName = ColorChangeRemake;
			productReference = 7758DA521F8D087600EC6480 /* ColorChangeRemake.app */;
			productType = "com.apple.product-type.application";
		};
/* End PBXNativeTarget section */

/* Begin PBXProject section */
		7758DA4A1F8D087600EC6480 /* Project object */ = {
			isa = PBXProject;
			attributes = {
				LastSwiftUpdateCheck = 0900;
				LastUpgradeCheck = 0900;
				ORGANIZATIONNAME = CTEC;
				TargetAttributes = {
					7758DA511F8D087600EC6480 = {
						CreatedOnToolsVersion = 9.0;
						ProvisioningStyle = Automatic;
					};
				};
			};
			buildConfigurationList = 7758DA4D1F8D087600EC6480 /* Build configuration list for PBXProject "ColorChangeRemake" */;
			compatibilityVersion = "Xcode 8.0";
			developmentRegion = en;
			hasScannedForEncodings = 0;
			knownRegions = (
				en,
				Base,
			);
			mainGroup = 7758DA491F8D087500EC6480;
			productRefGroup = 7758DA531F8D087600EC6480 /* Products */;
			projectDirPath = "";
			projectRoot = "";
			targets = (
				7758DA511F8D087600EC6480 /* ColorChangeRemake */,
			);
		};
/* End PBXProject section */

/* Begin PBXResourcesBuildPhase section */
		7758DA501F8D087600EC6480 /* Resources */ = {
			isa = PBXResourcesBuildPhase;
			buildActionMask = 2147483647;
			files = (
				7758DA601F8D087600EC6480 /* LaunchScreen.storyboard in Resources */,
				7758DA5D1F8D087600EC6480 /* Assets.xcassets in Resources */,
				7758DA5B1F8D087600EC6480 /* Main.storyboard in Resources */,
			);
			runOnlyForDeploymentPostprocessing = 0;
		};
/* End PBXResourcesBuildPhase section */

/* Begin PBXSourcesBuildPhase section */
		7758DA4E1F8D087600EC6480 /* Sources */ = {
			isa = PBXSourcesBuildPhase;
			buildActionMask = 2147483647;
			files = (
				7758DA581F8D087600EC6480 /* ViewController.swift in Sources */,
				7758DA561F8D087600EC6480 /* AppDelegate.swift in Sources */,
				777B02481F8FB9EB00D4F2CA /* SecondScreenController.swift in Sources */,
				777B024B1F8FBEE300D4F2CA /* ColorTools.swift in Sources */,
			);
			runOnlyForDeploymentPostprocessing = 0;
		};
/* End PBXSourcesBuildPhase section */

/* Begin PBXVariantGroup section */
		7758DA591F8D087600EC6480 /* Main.storyboard */ = {
			isa = PBXVariantGroup;
			children = (
				7758DA5A1F8D087600EC6480 /* Base */,
			);
			name = Main.storyboard;
			sourceTree = "<group>";
		};
		7758DA5E1F8D087600EC6480 /* LaunchScreen.storyboard */ = {
			isa = PBXVariantGroup;
			children = (
				7758DA5F1F8D087600EC6480 /* Base */,
			);
			name = LaunchScreen.storyboard;
			sourceTree = "<group>";
		};
/* End PBXVariantGroup section */

/* Begin XCBuildConfiguration section */
		7758DA621F8D087600EC6480 /* Debug */ = {
			isa = XCBuildConfiguration;
			buildSettings = {
				ALWAYS_SEARCH_USER_PATHS = NO;
				CLANG_ANALYZER_NONNULL = YES;
				CLANG_ANALYZER_NUMBER_OBJECT_CONVERSION = YES_AGGRESSIVE;
				CLANG_CXX_LANGUAGE_STANDARD = "gnu++14";
				CLANG_CXX_LIBRARY = "libc++";
				CLANG_ENABLE_MODULES = YES;
				CLANG_ENABLE_OBJC_ARC = YES;
				CLANG_WARN_BLOCK_CAPTURE_AUTORELEASING = YES;
				CLANG_WARN_BOOL_CONVERSION = YES;
				CLANG_WARN_COMMA = YES;
				CLANG_WARN_CONSTANT_CONVERSION = YES;
				CLANG_WARN_DIRECT_OBJC_ISA_USAGE = YES_ERROR;
				CLANG_WARN_DOCUMENTATION_COMMENTS = YES;
				CLANG_WARN_EMPTY_BODY = YES;
				CLANG_WARN_ENUM_CONVERSION = YES;
				CLANG_WARN_INFINITE_RECURSION = YES;
				CLANG_WARN_INT_CONVERSION = YES;
				CLANG_WARN_NON_LITERAL_NULL_CONVERSION = YES;
				CLANG_WARN_OBJC_LITERAL_CONVERSION = YES;
				CLANG_WARN_OBJC_ROOT_CLASS = YES_ERROR;
				CLANG_WARN_RANGE_LOOP_ANALYSIS = YES;
				CLANG_WARN_STRICT_PROTOTYPES = YES;
				CLANG_WARN_SUSPICIOUS_MOVE = YES;
				CLANG_WARN_UNGUARDED_AVAILABILITY = YES_AGGRESSIVE;
				CLANG_WARN_UNREACHABLE_CODE = YES;
				CLANG_WARN__DUPLICATE_METHOD_MATCH = YES;
				CODE_SIGN_IDENTITY = "iPhone Developer";
				COPY_PHASE_STRIP = NO;
				DEBUG_INFORMATION_FORMAT = dwarf;
				ENABLE_STRICT_OBJC_MSGSEND = YES;
				ENABLE_TESTABILITY = YES;
				GCC_C_LANGUAGE_STANDARD = gnu11;
				GCC_DYNAMIC_NO_PIC = NO;
				GCC_NO_COMMON_BLOCKS = YES;
				GCC_OPTIMIZATION_LEVEL = 0;
				GCC_PREPROCESSOR_DEFINITIONS = (
					"DEBUG=1",
					"$(inherited)",
				);
				GCC_WARN_64_TO_32_BIT_CONVERSION = YES;
				GCC_WARN_ABOUT_RETURN_TYPE = YES_ERROR;
				GCC_WARN_UNDECLARED_SELECTOR = YES;
				GCC_WARN_UNINITIALIZED_AUTOS = YES_AGGRESSIVE;
				GCC_WARN_UNUSED_FUNCTION = YES;
				GCC_WARN_UNUSED_VARIABLE = YES;
				IPHONEOS_DEPLOYMENT_TARGET = 11.0;
				MTL_ENABLE_DEBUG_INFO = YES;
				ONLY_ACTIVE_ARCH = YES;
				SDKROOT = iphoneos;
				SWIFT_ACTIVE_COMPILATION_CONDITIONS = DEBUG;
				SWIFT_OPTIMIZATION_LEVEL = "-Onone";
			};
			name = Debug;
		};
		7758DA631F8D087600EC6480 /* Release */ = {
			isa = XCBuildConfiguration;
			buildSettings = {
				ALWAYS_SEARCH_USER_PATHS = NO;
				CLANG_ANALYZER_NONNULL = YES;
				CLANG_ANALYZER_NUMBER_OBJECT_CONVERSION = YES_AGGRESSIVE;
				CLANG_CXX_LANGUAGE_STANDARD = "gnu++14";
				CLANG_CXX_LIBRARY = "libc++";
				CLANG_ENABLE_MODULES = YES;
				CLANG_ENABLE_OBJC_ARC = YES;
				CLANG_WARN_BLOCK_CAPTURE_AUTORELEASING = YES;
				CLANG_WARN_BOOL_CONVERSION = YES;
				CLANG_WARN_COMMA = YES;
				CLANG_WARN_CONSTANT_CONVERSION = YES;
				CLANG_WARN_DIRECT_OBJC_ISA_USAGE = YES_ERROR;
				CLANG_WARN_DOCUMENTATION_COMMENTS = YES;
				CLANG_WARN_EMPTY_BODY = YES;
				CLANG_WARN_ENUM_CONVERSION = YES;
				CLANG_WARN_INFINITE_RECURSION = YES;
				CLANG_WARN_INT_CONVERSION = YES;
				CLANG_WARN_NON_LITERAL_NULL_CONVERSION = YES;
				CLANG_WARN_OBJC_LITERAL_CONVERSION = YES;
				CLANG_WARN_OBJC_ROOT_CLASS = YES_ERROR;
				CLANG_WARN_RANGE_LOOP_ANALYSIS = YES;
				CLANG_WARN_STRICT_PROTOTYPES = YES;
				CLANG_WARN_SUSPICIOUS_MOVE = YES;
				CLANG_WARN_UNGUARDED_AVAILABILITY = YES_AGGRESSIVE;
				CLANG_WARN_UNREACHABLE_CODE = YES;
				CLANG_WARN__DUPLICATE_METHOD_MATCH = YES;
				CODE_SIGN_IDENTITY = "iPhone Developer";
				COPY_PHASE_STRIP = NO;
				DEBUG_INFORMATION_FORMAT = "dwarf-with-dsym";
				ENABLE_NS_ASSERTIONS = NO;
				ENABLE_STRICT_OBJC_MSGSEND = YES;
				GCC_C_LANGUAGE_STANDARD = gnu11;
				GCC_NO_COMMON_BLOCKS = YES;
				GCC_WARN_64_TO_32_BIT_CONVERSION = YES;
				GCC_WARN_ABOUT_RETURN_TYPE = YES_ERROR;
				GCC_WARN_UNDECLARED_SELECTOR = YES;
				GCC_WARN_UNINITIALIZED_AUTOS = YES_AGGRESSIVE;
				GCC_WARN_UNUSED_FUNCTION = YES;
				GCC_WARN_UNUSED_VARIABLE = YES;
				IPHONEOS_DEPLOYMENT_TARGET = 11.0;
				MTL_ENABLE_DEBUG_INFO = NO;
				SDKROOT = iphoneos;
				SWIFT_OPTIMIZATION_LEVEL = "-Owholemodule";
				VALIDATE_PRODUCT = YES;
			};
			name = Release;
		};
		7758DA651F8D087600EC6480 /* Debug */ = {
			isa = XCBuildConfiguration;
			buildSettings = {
				ASSETCATALOG_COMPILER_APPICON_NAME = AppIcon;
				CODE_SIGN_STYLE = Automatic;
				INFOPLIST_FILE = "$(SRCROOT)/ColorChangeRemake/Resources/Info.plist";
				LD_RUNPATH_SEARCH_PATHS = "$(inherited) @executable_path/Frameworks";
				PRODUCT_BUNDLE_IDENTIFIER = CTEC.ColorChangeRemake;
				PRODUCT_NAME = "$(TARGET_NAME)";
				SWIFT_VERSION = 4.0;
				TARGETED_DEVICE_FAMILY = "1,2";
			};
			name = Debug;
		};
		7758DA661F8D087600EC6480 /* Release */ = {
			isa = XCBuildConfiguration;
			buildSettings = {
				ASSETCATALOG_COMPILER_APPICON_NAME = AppIcon;
				CODE_SIGN_STYLE = Automatic;
				INFOPLIST_FILE = "$(SRCROOT)/ColorChangeRemake/Resources/Info.plist";
				LD_RUNPATH_SEARCH_PATHS = "$(inherited) @executable_path/Frameworks";
				PRODUCT_BUNDLE_IDENTIFIER = CTEC.ColorChangeRemake;
				PRODUCT_NAME = "$(TARGET_NAME)";
				SWIFT_VERSION = 4.0;
				TARGETED_DEVICE_FAMILY = "1,2";
			};
			name = Release;
		};
/* End XCBuildConfiguration section */

/* Begin XCConfigurationList section */
		7758DA4D1F8D087600EC6480 /* Build configuration list for PBXProject "ColorChangeRemake" */ = {
			isa = XCConfigurationList;
			buildConfigurations = (
				7758DA621F8D087600EC6480 /* Debug */,
				7758DA631F8D087600EC6480 /* Release */,
			);
			defaultConfigurationIsVisible = 0;
			defaultConfigurationName = Release;
		};
		7758DA641F8D087600EC6480 /* Build configuration list for PBXNativeTarget "ColorChangeRemake" */ = {
			isa = XCConfigurationList;
			buildConfigurations = (
				7758DA651F8D087600EC6480 /* Debug */,
				7758DA661F8D087600EC6480 /* Release */,
			);
			defaultConfigurationIsVisible = 0;
			defaultConfigurationName = Release;
		};
/* End XCConfigurationList section */
	};
	rootObject = 7758DA4A1F8D087600EC6480 /* Project object */;
}
